
Microsoft Visual Studio Solution File, Format Version 12.00
# Visual Studio Version 16
VisualStudioVersion = 16.0.31402.337
MinimumVisualStudioVersion = 10.0.40219.1
Project("{FAE04EC0-301F-11D3-BF4B-00C04F79EFBC}") = "EmployeeManagementSystem", "EmployeeManagementSystem\EmployeeManagementSystem.csproj", "{D14A451D-D410-498A-8E66-17A2E13D7508}"
EndProject
Global
	GlobalSection(SolutionConfigurationPlatforms) = preSolution
		Debug|Any CPU = Debug|Any CPU
		Release|Any CPU = Release|Any CPU
	EndGlobalSection
	GlobalSection(ProjectConfigurationPlatforms) = postSolution
		{D14A451D-D410-498A-8E66-17A2E13D7508}.Debug|Any CPU.ActiveCfg = Debug|Any CPU
		{D14A451D-D410-498A-8E66-17A2E13D7508}.Debug|Any CPU.Build.0 = Debug|Any CPU
		{D14A451D-D410-498A-8E66-17A2E13D7508}.Release|Any CPU.ActiveCfg = Release|Any CPU
		{D14A451D-D410-498A-8E66-17A2E13D7508}.Release|Any CPU.Build.0 = Release|Any CPU
	EndGlobalSection
	GlobalSection(SolutionProperties) = preSolution
		HideSolutionNode = FALSE
	EndGlobalSection
	GlobalSection(ExtensibilityGlobals) = postSolution
		SolutionGuid = {D4A65864-503F-4BDD-856A-BD85A194CE23}
	EndGlobalSection
EndGlobal
